
Microsoft Visual Studio Solution File, Format Version 12.00
# Visual Studio Version 17
VisualStudioVersion = 17.5.33516.290
MinimumVisualStudioVersion = 10.0.40219.1
Project("{FAE04EC0-301F-11D3-BF4B-00C04F79EFBC}") = "ThreeLayerIntro", "ThreeLayerIntro\ThreeLayerIntro.csproj", "{F447840C-00AA-431C-955C-37B95DA59724}"
EndProject
Project("{FAE04EC0-301F-11D3-BF4B-00C04F79EFBC}") = "DataAccessLayer", "DataAccessLayer\DataAccessLayer.csproj", "{013D5264-1C85-4F51-8B53-009FCCB7FC8B}"
EndProject
Project("{FAE04EC0-301F-11D3-BF4B-00C04F79EFBC}") = "BusinessLogicLayer", "BusinessLogicLayer\BusinessLogicLayer.csproj", "{9848C8A8-42A4-4BC1-89FE-A5A99A5C522A}"
EndProject
Global
	GlobalSection(SolutionConfigurationPlatforms) = preSolution
		Debug|Any CPU = Debug|Any CPU
		Release|Any CPU = Release|Any CPU
	EndGlobalSection
	GlobalSection(ProjectConfigurationPlatforms) = postSolution
		{F447840C-00AA-431C-955C-37B95DA59724}.Debug|Any CPU.ActiveCfg = Debug|Any CPU
		{F447840C-00AA-431C-955C-37B95DA59724}.Debug|Any CPU.Build.0 = Debug|Any CPU
		{F447840C-00AA-431C-955C-37B95DA59724}.Release|Any CPU.ActiveCfg = Release|Any CPU
		{F447840C-00AA-431C-955C-37B95DA59724}.Release|Any CPU.Build.0 = Release|Any CPU
		{013D5264-1C85-4F51-8B53-009FCCB7FC8B}.Debug|Any CPU.ActiveCfg = Debug|Any CPU
		{013D5264-1C85-4F51-8B53-009FCCB7FC8B}.Debug|Any CPU.Build.0 = Debug|Any CPU
		{013D5264-1C85-4F51-8B53-009FCCB7FC8B}.Release|Any CPU.ActiveCfg = Release|Any CPU
		{013D5264-1C85-4F51-8B53-009FCCB7FC8B}.Release|Any CPU.Build.0 = Release|Any CPU
		{9848C8A8-42A4-4BC1-89FE-A5A99A5C522A}.Debug|Any CPU.ActiveCfg = Debug|Any CPU
		{9848C8A8-42A4-4BC1-89FE-A5A99A5C522A}.Debug|Any CPU.Build.0 = Debug|Any CPU
		{9848C8A8-42A4-4BC1-89FE-A5A99A5C522A}.Release|Any CPU.ActiveCfg = Release|Any CPU
		{9848C8A8-42A4-4BC1-89FE-A5A99A5C522A}.Release|Any CPU.Build.0 = Release|Any CPU
	EndGlobalSection
	GlobalSection(SolutionProperties) = preSolution
		HideSolutionNode = FALSE
	EndGlobalSection
	GlobalSection(ExtensibilityGlobals) = postSolution
		SolutionGuid = {54F9ADD4-3C9D-44E4-A4A4-2198866F2FCF}
	EndGlobalSection
EndGlobal
